// !$*UTF8*$!
{
	archiveVersion = 1;
	classes = {
	};
	objectVersion = 48;
	objects = {

/* Begin PBXBuildFile section */
		B0AC9BEC2DE6E3E8972B63BB /* libPods-PanelViewDemo.a in Frameworks */ = {isa = PBXBuildFile; fileRef = E400BB5CDF0B4B798B0E5938 /* libPods-PanelViewDemo.a */; };
		B60523091FE8A7F600AD86D2 /* AppDelegate.m in Sources */ = {isa = PBXBuildFile; fileRef = B60523081FE8A7F600AD86D2 /* AppDelegate.m */; };
		B605230C1FE8A7F600AD86D2 /* ViewController.m in Sources */ = {isa = PBXBuildFile; fileRef = B605230B1FE8A7F600AD86D2 /* ViewController.m */; };
		B605230F1FE8A7F600AD86D2 /* Main.storyboard in Resources */ = {isa = PBXBuildFile; fileRef = B605230D1FE8A7F600AD86D2 /* Main.storyboard */; };
		B60523111FE8A7F600AD86D2 /* Assets.xcassets in Resources */ = {isa = PBXBuildFile; fileRef = B60523101FE8A7F600AD86D2 /* Assets.xcassets */; };
		B60523141FE8A7F600AD86D2 /* LaunchScreen.storyboard in Resources */ = {isa = PBXBuildFile; fileRef = B60523121FE8A7F600AD86D2 /* LaunchScreen.storyboard */; };
		B60523171FE8A7F600AD86D2 /* main.m in Sources */ = {isa = PBXBuildFile; fileRef = B60523161FE8A7F600AD86D2 /* main.m */; };
		B60523231FE8A88900AD86D2 /* PanelView.m in Sources */ = {isa = PBXBuildFile; fileRef = B60523221FE8A88900AD86D2 /* PanelView.m */; };
		B60523261FE8A89900AD86D2 /* ToolView.m in Sources */ = {isa = PBXBuildFile; fileRef = B60523251FE8A89900AD86D2 /* ToolView.m */; };
		B60523291FE8A8CF00AD86D2 /* PathModel.m in Sources */ = {isa = PBXBuildFile; fileRef = B60523281FE8A8CF00AD86D2 /* PathModel.m */; };
		B605232C1FE8AB1000AD86D2 /* SelectCtrl.m in Sources */ = {isa = PBXBuildFile; fileRef = B605232B1FE8AB1000AD86D2 /* SelectCtrl.m */; };
		B61D8B5E200606FC00FDF064 /* IMG_1887.JPG in Resources */ = {isa = PBXBuildFile; fileRef = B61D8B5D200606FC00FDF064 /* IMG_1887.JPG */; };
		B6CD44941FF37CCC003D23BA /* panelViewDemo.gif in Resources */ = {isa = PBXBuildFile; fileRef = B6CD44931FF37CCC003D23BA /* panelViewDemo.gif */; };
/* End PBXBuildFile section */

/* Begin PBXFileReference section */
		0C0E7B34DEA5B0AFEF5FA31E /* Pods-PanelViewDemo.release.xcconfig */ = {isa = PBXFileReference; includeInIndex = 1; lastKnownFileType = text.xcconfig; name = "Pods-PanelViewDemo.release.xcconfig"; path = "Pods/Target Support Files/Pods-PanelViewDemo/Pods-PanelViewDemo.release.xcconfig"; sourceTree = "<group>"; };
		74C943EE5F73106E94814036 /* Pods-PanelViewDemo.debug.xcconfig */ = {isa = PBXFileReference; includeInIndex = 1; lastKnownFileType = text.xcconfig; name = "Pods-PanelViewDemo.debug.xcconfig"; path = "Pods/Target Support Files/Pods-PanelViewDemo/Pods-PanelViewDemo.debug.xcconfig"; sourceTree = "<group>"; };
		B60523041FE8A7F600AD86D2 /* PanelViewDemo.app */ = {isa = PBXFileReference; explicitFileType = wrapper.application; includeInIndex = 0; path = PanelViewDemo.app; sourceTree = BUILT_PRODUCTS_DIR; };
		B60523071FE8A7F600AD86D2 /* AppDelegate.h */ = {isa = PBXFileReference; lastKnownFileType = sourcecode.c.h; path = AppDelegate.h; sourceTree = "<group>"; };
		B60523081FE8A7F600AD86D2 /* AppDelegate.m */ = {isa = PBXFileReference; lastKnownFileType = sourcecode.c.objc; path = AppDelegate.m; sourceTree = "<group>"; };
		B605230A1FE8A7F600AD86D2 /* ViewController.h */ = {isa = PBXFileReference; lastKnownFileType = sourcecode.c.h; path = ViewController.h; sourceTree = "<group>"; };
		B605230B1FE8A7F600AD86D2 /* ViewController.m */ = {isa = PBXFileReference; lastKnownFileType = sourcecode.c.objc; path = ViewController.m; sourceTree = "<group>"; };
		B605230E1FE8A7F600AD86D2 /* Base */ = {isa = PBXFileReference; lastKnownFileType = file.storyboard; name = Base; path = Base.lproj/Main.storyboard; sourceTree = "<group>"; };
		B60523101FE8A7F600AD86D2 /* Assets.xcassets */ = {isa = PBXFileReference; lastKnownFileType = folder.assetcatalog; path = Assets.xcassets; sourceTree = "<group>"; };
		B60523131FE8A7F600AD86D2 /* Base */ = {isa = PBXFileReference; lastKnownFileType = file.storyboard; name = Base; path = Base.lproj/LaunchScreen.storyboard; sourceTree = "<group>"; };
		B60523151FE8A7F600AD86D2 /* Info.plist */ = {isa = PBXFileReference; lastKnownFileType = text.plist.xml; path = Info.plist; sourceTree = "<group>"; };
		B60523161FE8A7F600AD86D2 /* main.m */ = {isa = PBXFileReference; lastKnownFileType = sourcecode.c.objc; path = main.m; sourceTree = "<group>"; };
		B60523211FE8A88900AD86D2 /* PanelView.h */ = {isa = PBXFileReference; lastKnownFileType = sourcecode.c.h; path = PanelView.h; sourceTree = "<group>"; };
		B60523221FE8A88900AD86D2 /* PanelView.m */ = {isa = PBXFileReference; lastKnownFileType = sourcecode.c.objc; path = PanelView.m; sourceTree = "<group>"; };
		B60523241FE8A89900AD86D2 /* ToolView.h */ = {isa = PBXFileReference; lastKnownFileType = sourcecode.c.h; path = ToolView.h; sourceTree = "<group>"; };
		B60523251FE8A89900AD86D2 /* ToolView.m */ = {isa = PBXFileReference; lastKnownFileType = sourcecode.c.objc; path = ToolView.m; sourceTree = "<group>"; };
		B60523271FE8A8CF00AD86D2 /* PathModel.h */ = {isa = PBXFileReference; lastKnownFileType = sourcecode.c.h; path = PathModel.h; sourceTree = "<group>"; };
		B60523281FE8A8CF00AD86D2 /* PathModel.m */ = {isa = PBXFileReference; lastKnownFileType = sourcecode.c.objc; path = PathModel.m; sourceTree = "<group>"; };
		B605232A1FE8AB1000AD86D2 /* SelectCtrl.h */ = {isa = PBXFileReference; lastKnownFileType = sourcecode.c.h; path = SelectCtrl.h; sourceTree = "<group>"; };
		B605232B1FE8AB1000AD86D2 /* SelectCtrl.m */ = {isa = PBXFileReference; lastKnownFileType = sourcecode.c.objc; path = SelectCtrl.m; sourceTree = "<group>"; };
		B61D8B5D200606FC00FDF064 /* IMG_1887.JPG */ = {isa = PBXFileReference; lastKnownFileType = image.jpeg; path = IMG_1887.JPG; sourceTree = "<group>"; };
		B684752C2004B173000BBFD5 /* zh-Hans */ = {isa = PBXFileReference; lastKnownFileType = text.plist.strings; name = "zh-Hans"; path = "zh-Hans.lproj/Main.strings"; sourceTree = "<group>"; };
		B684752D2004B173000BBFD5 /* zh-Hans */ = {isa = PBXFileReference; lastKnownFileType = text.plist.strings; name = "zh-Hans"; path = "zh-Hans.lproj/LaunchScreen.strings"; sourceTree = "<group>"; };
		B6CD44931FF37CCC003D23BA /* panelViewDemo.gif */ = {isa = PBXFileReference; lastKnownFileType = image.gif; path = panelViewDemo.gif; sourceTree = "<group>"; };
		E400BB5CDF0B4B798B0E5938 /* libPods-PanelViewDemo.a */ = {isa = PBXFileReference; explicitFileType = archive.ar; includeInIndex = 0; path = "libPods-PanelViewDemo.a"; sourceTree = BUILT_PRODUCTS_DIR; };
/* End PBXFileReference section */

/* Begin PBXFrameworksBuildPhase section */
		B60523011FE8A7F600AD86D2 /* Frameworks */ = {
			isa = PBXFrameworksBuildPhase;
			buildActionMask = 2147483647;
			files = (
				B0AC9BEC2DE6E3E8972B63BB /* libPods-PanelViewDemo.a in Frameworks */,
			);
			runOnlyForDeploymentPostprocessing = 0;
		};
/* End PBXFrameworksBuildPhase section */

/* Begin PBXGroup section */
		B60522FB1FE8A7F600AD86D2 = {
			isa = PBXGroup;
			children = (
				B60523061FE8A7F600AD86D2 /* PanelViewDemo */,
				B60523051FE8A7F600AD86D2 /* Products */,
				E560879201BABAE1CA6C1B3E /* Pods */,
				E020FB4F1EDC14237AAC88E3 /* Frameworks */,
			);
			sourceTree = "<group>";
		};
		B60523051FE8A7F600AD86D2 /* Products */ = {
			isa = PBXGroup;
			children = (
				B60523041FE8A7F600AD86D2 /* PanelViewDemo.app */,
			);
			name = Products;
			sourceTree = "<group>";
		};
		B60523061FE8A7F600AD86D2 /* PanelViewDemo */ = {
			isa = PBXGroup;
			children = (
				B60523071FE8A7F600AD86D2 /* AppDelegate.h */,
				B60523081FE8A7F600AD86D2 /* AppDelegate.m */,
				B605230A1FE8A7F600AD86D2 /* ViewController.h */,
				B605230B1FE8A7F600AD86D2 /* ViewController.m */,
				B605232D1FE8BE9600AD86D2 /* showimages */,
				B605231D1FE8A82400AD86D2 /* PanelView */,
				B605230D1FE8A7F600AD86D2 /* Main.storyboard */,
				B60523101FE8A7F600AD86D2 /* Assets.xcassets */,
				B60523121FE8A7F600AD86D2 /* LaunchScreen.storyboard */,
				B60523151FE8A7F600AD86D2 /* Info.plist */,
				B60523161FE8A7F600AD86D2 /* main.m */,
			);
			path = PanelViewDemo;
			sourceTree = "<group>";
		};
		B605231D1FE8A82400AD86D2 /* PanelView */ = {
			isa = PBXGroup;
			children = (
				B60523211FE8A88900AD86D2 /* PanelView.h */,
				B60523221FE8A88900AD86D2 /* PanelView.m */,
				B60523241FE8A89900AD86D2 /* ToolView.h */,
				B60523251FE8A89900AD86D2 /* ToolView.m */,
				B605232A1FE8AB1000AD86D2 /* SelectCtrl.h */,
				B605232B1FE8AB1000AD86D2 /* SelectCtrl.m */,
				B60523271FE8A8CF00AD86D2 /* PathModel.h */,
				B60523281FE8A8CF00AD86D2 /* PathModel.m */,
			);
			path = PanelView;
			sourceTree = "<group>";
		};
		B605232D1FE8BE9600AD86D2 /* showimages */ = {
			isa = PBXGroup;
			children = (
				B61D8B5D200606FC00FDF064 /* IMG_1887.JPG */,
				B6CD44931FF37CCC003D23BA /* panelViewDemo.gif */,
			);
			path = showimages;
			sourceTree = "<group>";
		};
		E020FB4F1EDC14237AAC88E3 /* Frameworks */ = {
			isa = PBXGroup;
			children = (
				E400BB5CDF0B4B798B0E5938 /* libPods-PanelViewDemo.a */,
			);
			name = Frameworks;
			sourceTree = "<group>";
		};
		E560879201BABAE1CA6C1B3E /* Pods */ = {
			isa = PBXGroup;
			children = (
				74C943EE5F73106E94814036 /* Pods-PanelViewDemo.debug.xcconfig */,
				0C0E7B34DEA5B0AFEF5FA31E /* Pods-PanelViewDemo.release.xcconfig */,
			);
			name = Pods;
			sourceTree = "<group>";
		};
/* End PBXGroup section */

/* Begin PBXNativeTarget section */
		B60523031FE8A7F600AD86D2 /* PanelViewDemo */ = {
			isa = PBXNativeTarget;
			buildConfigurationList = B605231A1FE8A7F600AD86D2 /* Build configuration list for PBXNativeTarget "PanelViewDemo" */;
			buildPhases = (
				F57B1106A3977BB24201A923 /* [CP] Check Pods Manifest.lock */,
				B60523001FE8A7F600AD86D2 /* Sources */,
				B60523011FE8A7F600AD86D2 /* Frameworks */,
				B60523021FE8A7F600AD86D2 /* Resources */,
				416B5ABEA1EA412E2E975844 /* [CP] Embed Pods Frameworks */,
				E4B3A0677658312D0C68B624 /* [CP] Copy Pods Resources */,
			);
			buildRules = (
			);
			dependencies = (
			);
			name = PanelViewDemo;
			productName = PanelViewDemo;
			productReference = B60523041FE8A7F600AD86D2 /* PanelViewDemo.app */;
			productType = "com.apple.product-type.application";
		};
/* End PBXNativeTarget section */

/* Begin PBXProject section */
		B60522FC1FE8A7F600AD86D2 /* Project object */ = {
			isa = PBXProject;
			attributes = {
				LastUpgradeCheck = 0910;
				ORGANIZATIONNAME = hai;
				TargetAttributes = {
					B60523031FE8A7F600AD86D2 = {
						CreatedOnToolsVersion = 9.1;
						ProvisioningStyle = Automatic;
					};
				};
			};
			buildConfigurationList = B60522FF1FE8A7F600AD86D2 /* Build configuration list for PBXProject "PanelViewDemo" */;
			compatibilityVersion = "Xcode 8.0";
			developmentRegion = en;
			hasScannedForEncodings = 0;
			knownRegions = (
				en,
				Base,
			);
			mainGroup = B60522FB1FE8A7F600AD86D2;
			productRefGroup = B60523051FE8A7F600AD86D2 /* Products */;
			projectDirPath = "";
			projectRoot = "";
			targets = (
				B60523031FE8A7F600AD86D2 /* PanelViewDemo */,
			);
		};
/* End PBXProject section */

/* Begin PBXResourcesBuildPhase section */
		B60523021FE8A7F600AD86D2 /* Resources */ = {
			isa = PBXResourcesBuildPhase;
			buildActionMask = 2147483647;
			files = (
				B60523141FE8A7F600AD86D2 /* LaunchScreen.storyboard in Resources */,
				B6CD44941FF37CCC003D23BA /* panelViewDemo.gif in Resources */,
				B60523111FE8A7F600AD86D2 /* Assets.xcassets in Resources */,
				B61D8B5E200606FC00FDF064 /* IMG_1887.JPG in Resources */,
				B605230F1FE8A7F600AD86D2 /* Main.storyboard in Resources */,
			);
			runOnlyForDeploymentPostprocessing = 0;
		};
/* End PBXResourcesBuildPhase section */

/* Begin PBXShellScriptBuildPhase section */
		416B5ABEA1EA412E2E975844 /* [CP] Embed Pods Frameworks */ = {
			isa = PBXShellScriptBuildPhase;
			buildActionMask = 2147483647;
			files = (
			);
			inputPaths = (
			);
			name = "[CP] Embed Pods Frameworks";
			outputPaths = (
			);
			runOnlyForDeploymentPostprocessing = 0;
			shellPath = /bin/sh;
			shellScript = "\"${SRCROOT}/Pods/Target Support Files/Pods-PanelViewDemo/Pods-PanelViewDemo-frameworks.sh\"\n";
			showEnvVarsInLog = 0;
		};
		E4B3A0677658312D0C68B624 /* [CP] Copy Pods Resources */ = {
			isa = PBXShellScriptBuildPhase;
			buildActionMask = 2147483647;
			files = (
			);
			inputPaths = (
			);
			name = "[CP] Copy Pods Resources";
			outputPaths = (
			);
			runOnlyForDeploymentPostprocessing = 0;
			shellPath = /bin/sh;
			shellScript = "\"${SRCROOT}/Pods/Target Support Files/Pods-PanelViewDemo/Pods-PanelViewDemo-resources.sh\"\n";
			showEnvVarsInLog = 0;
		};
		F57B1106A3977BB24201A923 /* [CP] Check Pods Manifest.lock */ = {
			isa = PBXShellScriptBuildPhase;
			buildActionMask = 2147483647;
			files = (
			);
			inputPaths = (
				"${PODS_PODFILE_DIR_PATH}/Podfile.lock",
				"${PODS_ROOT}/Manifest.lock",
			);
			name = "[CP] Check Pods Manifest.lock";
			outputPaths = (
				"$(DERIVED_FILE_DIR)/Pods-PanelViewDemo-checkManifestLockResult.txt",
			);
			runOnlyForDeploymentPostprocessing = 0;
			shellPath = /bin/sh;
			shellScript = "diff \"${PODS_PODFILE_DIR_PATH}/Podfile.lock\" \"${PODS_ROOT}/Manifest.lock\" > /dev/null\nif [ $? != 0 ] ; then\n    # print error to STDERR\n    echo \"error: The sandbox is not in sync with the Podfile.lock. Run 'pod install' or update your CocoaPods installation.\" >&2\n    exit 1\nfi\n# This output is used by Xcode 'outputs' to avoid re-running this script phase.\necho \"SUCCESS\" > \"${SCRIPT_OUTPUT_FILE_0}\"\n";
			showEnvVarsInLog = 0;
		};
/* End PBXShellScriptBuildPhase section */

/* Begin PBXSourcesBuildPhase section */
		B60523001FE8A7F600AD86D2 /* Sources */ = {
			isa = PBXSourcesBuildPhase;
			buildActionMask = 2147483647;
			files = (
				B605232C1FE8AB1000AD86D2 /* SelectCtrl.m in Sources */,
				B605230C1FE8A7F600AD86D2 /* ViewController.m in Sources */,
				B60523231FE8A88900AD86D2 /* PanelView.m in Sources */,
				B60523171FE8A7F600AD86D2 /* main.m in Sources */,
				B60523261FE8A89900AD86D2 /* ToolView.m in Sources */,
				B60523291FE8A8CF00AD86D2 /* PathModel.m in Sources */,
				B60523091FE8A7F600AD86D2 /* AppDelegate.m in Sources */,
			);
			runOnlyForDeploymentPostprocessing = 0;
		};
/* End PBXSourcesBuildPhase section */

/* Begin PBXVariantGroup section */
		B605230D1FE8A7F600AD86D2 /* Main.storyboard */ = {
			isa = PBXVariantGroup;
			children = (
				B605230E1FE8A7F600AD86D2 /* Base */,
				B684752C2004B173000BBFD5 /* zh-Hans */,
			);
			name = Main.storyboard;
			sourceTree = "<group>";
		};
		B60523121FE8A7F600AD86D2 /* LaunchScreen.storyboard */ = {
			isa = PBXVariantGroup;
			children = (
				B60523131FE8A7F600AD86D2 /* Base */,
				B684752D2004B173000BBFD5 /* zh-Hans */,
			);
			name = LaunchScreen.storyboard;
			sourceTree = "<group>";
		};
/* End PBXVariantGroup section */

/* Begin XCBuildConfiguration section */
		B60523181FE8A7F600AD86D2 /* Debug */ = {
			isa = XCBuildConfiguration;
			buildSettings = {
				ALWAYS_SEARCH_USER_PATHS = NO;
				CLANG_ANALYZER_LOCALIZABILITY_NONLOCALIZED = YES;
				CLANG_ANALYZER_NONNULL = YES;
				CLANG_ANALYZER_NUMBER_OBJECT_CONVERSION = YES_AGGRESSIVE;
				CLANG_CXX_LANGUAGE_STANDARD = "gnu++14";
				CLANG_CXX_LIBRARY = "libc++";
				CLANG_ENABLE_MODULES = YES;
				CLANG_ENABLE_OBJC_ARC = YES;
				CLANG_WARN_BLOCK_CAPTURE_AUTORELEASING = YES;
				CLANG_WARN_BOOL_CONVERSION = YES;
				CLANG_WARN_COMMA = YES;
				CLANG_WARN_CONSTANT_CONVERSION = YES;
				CLANG_WARN_DIRECT_OBJC_ISA_USAGE = YES_ERROR;
				CLANG_WARN_DOCUMENTATION_COMMENTS = YES;
				CLANG_WARN_EMPTY_BODY = YES;
				CLANG_WARN_ENUM_CONVERSION = YES;
				CLANG_WARN_INFINITE_RECURSION = YES;
				CLANG_WARN_INT_CONVERSION = YES;
				CLANG_WARN_NON_LITERAL_NULL_CONVERSION = YES;
				CLANG_WARN_OBJC_LITERAL_CONVERSION = YES;
				CLANG_WARN_OBJC_ROOT_CLASS = YES_ERROR;
				CLANG_WARN_RANGE_LOOP_ANALYSIS = YES;
				CLANG_WARN_STRICT_PROTOTYPES = YES;
				CLANG_WARN_SUSPICIOUS_MOVE = YES;
				CLANG_WARN_UNGUARDED_AVAILABILITY = YES_AGGRESSIVE;
				CLANG_WARN_UNREACHABLE_CODE = YES;
				CLANG_WARN__DUPLICATE_METHOD_MATCH = YES;
				CODE_SIGN_IDENTITY = "iPhone Developer";
				COPY_PHASE_STRIP = NO;
				DEBUG_INFORMATION_FORMAT = dwarf;
				ENABLE_STRICT_OBJC_MSGSEND = YES;
				ENABLE_TESTABILITY = YES;
				GCC_C_LANGUAGE_STANDARD = gnu11;
				GCC_DYNAMIC_NO_PIC = NO;
				GCC_NO_COMMON_BLOCKS = YES;
				GCC_OPTIMIZATION_LEVEL = 0;
				GCC_PREPROCESSOR_DEFINITIONS = (
					"DEBUG=1",
					"$(inherited)",
				);
				GCC_WARN_64_TO_32_BIT_CONVERSION = YES;
				GCC_WARN_ABOUT_RETURN_TYPE = YES_ERROR;
				GCC_WARN_UNDECLARED_SELECTOR = YES;
				GCC_WARN_UNINITIALIZED_AUTOS = YES_AGGRESSIVE;
				GCC_WARN_UNUSED_FUNCTION = YES;
				GCC_WARN_UNUSED_VARIABLE = YES;
				IPHONEOS_DEPLOYMENT_TARGET = 11.1;
				MTL_ENABLE_DEBUG_INFO = YES;
				ONLY_ACTIVE_ARCH = YES;
				SDKROOT = iphoneos;
			};
			name = Debug;
		};
		B60523191FE8A7F600AD86D2 /* Release */ = {
			isa = XCBuildConfiguration;
			buildSettings = {
				ALWAYS_SEARCH_USER_PATHS = NO;
				CLANG_ANALYZER_LOCALIZABILITY_NONLOCALIZED = YES;
				CLANG_ANALYZER_NONNULL = YES;
				CLANG_ANALYZER_NUMBER_OBJECT_CONVERSION = YES_AGGRESSIVE;
				CLANG_CXX_LANGUAGE_STANDARD = "gnu++14";
				CLANG_CXX_LIBRARY = "libc++";
				CLANG_ENABLE_MODULES = YES;
				CLANG_ENABLE_OBJC_ARC = YES;
				CLANG_WARN_BLOCK_CAPTURE_AUTORELEASING = YES;
				CLANG_WARN_BOOL_CONVERSION = YES;
				CLANG_WARN_COMMA = YES;
				CLANG_WARN_CONSTANT_CONVERSION = YES;
				CLANG_WARN_DIRECT_OBJC_ISA_USAGE = YES_ERROR;
				CLANG_WARN_DOCUMENTATION_COMMENTS = YES;
				CLANG_WARN_EMPTY_BODY = YES;
				CLANG_WARN_ENUM_CONVERSION = YES;
				CLANG_WARN_INFINITE_RECURSION = YES;
				CLANG_WARN_INT_CONVERSION = YES;
				CLANG_WARN_NON_LITERAL_NULL_CONVERSION = YES;
				CLANG_WARN_OBJC_LITERAL_CONVERSION = YES;
				CLANG_WARN_OBJC_ROOT_CLASS = YES_ERROR;
				CLANG_WARN_RANGE_LOOP_ANALYSIS = YES;
				CLANG_WARN_STRICT_PROTOTYPES = YES;
				CLANG_WARN_SUSPICIOUS_MOVE = YES;
				CLANG_WARN_UNGUARDED_AVAILABILITY = YES_AGGRESSIVE;
				CLANG_WARN_UNREACHABLE_CODE = YES;
				CLANG_WARN__DUPLICATE_METHOD_MATCH = YES;
				CODE_SIGN_IDENTITY = "iPhone Developer";
				COPY_PHASE_STRIP = NO;
				DEBUG_INFORMATION_FORMAT = "dwarf-with-dsym";
				ENABLE_NS_ASSERTIONS = NO;
				ENABLE_STRICT_OBJC_MSGSEND = YES;
				GCC_C_LANGUAGE_STANDARD = gnu11;
				GCC_NO_COMMON_BLOCKS = YES;
				GCC_WARN_64_TO_32_BIT_CONVERSION = YES;
				GCC_WARN_ABOUT_RETURN_TYPE = YES_ERROR;
				GCC_WARN_UNDECLARED_SELECTOR = YES;
				GCC_WARN_UNINITIALIZED_AUTOS = YES_AGGRESSIVE;
				GCC_WARN_UNUSED_FUNCTION = YES;
				GCC_WARN_UNUSED_VARIABLE = YES;
				IPHONEOS_DEPLOYMENT_TARGET = 11.1;
				MTL_ENABLE_DEBUG_INFO = NO;
				SDKROOT = iphoneos;
				VALIDATE_PRODUCT = YES;
			};
			name = Release;
		};
		B605231B1FE8A7F600AD86D2 /* Debug */ = {
			isa = XCBuildConfiguration;
			baseConfigurationReference = 74C943EE5F73106E94814036 /* Pods-PanelViewDemo.debug.xcconfig */;
			buildSettings = {
				ASSETCATALOG_COMPILER_APPICON_NAME = AppIcon;
				CODE_SIGN_STYLE = Automatic;
				DEVELOPMENT_TEAM = G8BZG77GPE;
				INFOPLIST_FILE = PanelViewDemo/Info.plist;
				IPHONEOS_DEPLOYMENT_TARGET = 8.0;
				LD_RUNPATH_SEARCH_PATHS = "$(inherited) @executable_path/Frameworks";
				PRODUCT_BUNDLE_IDENTIFIER = ios.PanelViewDemo;
				PRODUCT_NAME = "$(TARGET_NAME)";
				TARGETED_DEVICE_FAMILY = "1,2";
			};
			name = Debug;
		};
		B605231C1FE8A7F600AD86D2 /* Release */ = {
			isa = XCBuildConfiguration;
			baseConfigurationReference = 0C0E7B34DEA5B0AFEF5FA31E /* Pods-PanelViewDemo.release.xcconfig */;
			buildSettings = {
				ASSETCATALOG_COMPILER_APPICON_NAME = AppIcon;
				CODE_SIGN_STYLE = Automatic;
				DEVELOPMENT_TEAM = G8BZG77GPE;
				INFOPLIST_FILE = PanelViewDemo/Info.plist;
				IPHONEOS_DEPLOYMENT_TARGET = 8.0;
				LD_RUNPATH_SEARCH_PATHS = "$(inherited) @executable_path/Frameworks";
				PRODUCT_BUNDLE_IDENTIFIER = ios.PanelViewDemo;
				PRODUCT_NAME = "$(TARGET_NAME)";
				TARGETED_DEVICE_FAMILY = "1,2";
			};
			name = Release;
		};
/* End XCBuildConfiguration section */

/* Begin XCConfigurationList section */
		B60522FF1FE8A7F600AD86D2 /* Build configuration list for PBXProject "PanelViewDemo" */ = {
			isa = XCConfigurationList;
			buildConfigurations = (
				B60523181FE8A7F600AD86D2 /* Debug */,
				B60523191FE8A7F600AD86D2 /* Release */,
			);
			defaultConfigurationIsVisible = 0;
			defaultConfigurationName = Release;
		};
		B605231A1FE8A7F600AD86D2 /* Build configuration list for PBXNativeTarget "PanelViewDemo" */ = {
			isa = XCConfigurationList;
			buildConfigurations = (
				B605231B1FE8A7F600AD86D2 /* Debug */,
				B605231C1FE8A7F600AD86D2 /* Release */,
			);
			defaultConfigurationIsVisible = 0;
			defaultConfigurationName = Release;
		};
/* End XCConfigurationList section */
	};
	rootObject = B60522FC1FE8A7F600AD86D2 /* Project object */;
}
